
Microsoft Visual Studio Solution File, Format Version 12.00
# Visual Studio 2013
VisualStudioVersion = 12.0.31101.0
MinimumVisualStudioVersion = 10.0.40219.1
Project("{8BC9CEB8-8B4A-11D0-8D11-00A0C91BC942}") = "If-Else", "If-Else\If-Else.vcxproj", "{F25B0BD1-A08E-4BE2-9335-C7BC83946D90}"
EndProject
Global
	GlobalSection(SolutionConfigurationPlatforms) = preSolution
		Debug|Win32 = Debug|Win32
		Release|Win32 = Release|Win32
	EndGlobalSection
	GlobalSection(ProjectConfigurationPlatforms) = postSolution
		{F25B0BD1-A08E-4BE2-9335-C7BC83946D90}.Debug|Win32.ActiveCfg = Debug|Win32
		{F25B0BD1-A08E-4BE2-9335-C7BC83946D90}.Debug|Win32.Build.0 = Debug|Win32
		{F25B0BD1-A08E-4BE2-9335-C7BC83946D90}.Release|Win32.ActiveCfg = Release|Win32
		{F25B0BD1-A08E-4BE2-9335-C7BC83946D90}.Release|Win32.Build.0 = Release|Win32
	EndGlobalSection
	GlobalSection(SolutionProperties) = preSolution
		HideSolutionNode = FALSE
	EndGlobalSection
EndGlobal
